
Microsoft Visual Studio Solution File, Format Version 12.00
# Visual Studio Version 17
VisualStudioVersion = 17.8.34316.72
MinimumVisualStudioVersion = 10.0.40219.1
Project("{9A19103F-16F7-4668-BE54-9A1E7A4F7556}") = "TodoList.Server", "TodoList\Server\TodoList.Server.csproj", "{E8F173FE-8074-4013-B7D9-5B3786ECB786}"
EndProject
Project("{9A19103F-16F7-4668-BE54-9A1E7A4F7556}") = "TodoList.Client", "TodoList\Client\TodoList.Client.csproj", "{D733F222-6961-4799-981B-EDA94306D253}"
EndProject
Project("{9A19103F-16F7-4668-BE54-9A1E7A4F7556}") = "TodoList.Shared", "TodoList\Shared\TodoList.Shared.csproj", "{0A6FC6D5-9EC2-4144-9B87-888BAC0E46F7}"
EndProject
Project("{00D1A9C2-B5F0-4AF3-8072-F6C62B433612}") = "TodoList_DB", "TodoList_DB\TodoList_DB.sqlproj", "{A52D2573-88FC-4208-AD75-6E3DADEB8C19}"
EndProject
Global
	GlobalSection(SolutionConfigurationPlatforms) = preSolution
		Debug|Any CPU = Debug|Any CPU
		Release|Any CPU = Release|Any CPU
	EndGlobalSection
	GlobalSection(ProjectConfigurationPlatforms) = postSolution
		{E8F173FE-8074-4013-B7D9-5B3786ECB786}.Debug|Any CPU.ActiveCfg = Debug|Any CPU
		{E8F173FE-8074-4013-B7D9-5B3786ECB786}.Debug|Any CPU.Build.0 = Debug|Any CPU
		{E8F173FE-8074-4013-B7D9-5B3786ECB786}.Release|Any CPU.ActiveCfg = Release|Any CPU
		{E8F173FE-8074-4013-B7D9-5B3786ECB786}.Release|Any CPU.Build.0 = Release|Any CPU
		{D733F222-6961-4799-981B-EDA94306D253}.Debug|Any CPU.ActiveCfg = Debug|Any CPU
		{D733F222-6961-4799-981B-EDA94306D253}.Debug|Any CPU.Build.0 = Debug|Any CPU
		{D733F222-6961-4799-981B-EDA94306D253}.Release|Any CPU.ActiveCfg = Release|Any CPU
		{D733F222-6961-4799-981B-EDA94306D253}.Release|Any CPU.Build.0 = Release|Any CPU
		{0A6FC6D5-9EC2-4144-9B87-888BAC0E46F7}.Debug|Any CPU.ActiveCfg = Debug|Any CPU
		{0A6FC6D5-9EC2-4144-9B87-888BAC0E46F7}.Debug|Any CPU.Build.0 = Debug|Any CPU
		{0A6FC6D5-9EC2-4144-9B87-888BAC0E46F7}.Release|Any CPU.ActiveCfg = Release|Any CPU
		{0A6FC6D5-9EC2-4144-9B87-888BAC0E46F7}.Release|Any CPU.Build.0 = Release|Any CPU
		{A52D2573-88FC-4208-AD75-6E3DADEB8C19}.Debug|Any CPU.ActiveCfg = Debug|Any CPU
		{A52D2573-88FC-4208-AD75-6E3DADEB8C19}.Debug|Any CPU.Build.0 = Debug|Any CPU
		{A52D2573-88FC-4208-AD75-6E3DADEB8C19}.Debug|Any CPU.Deploy.0 = Debug|Any CPU
		{A52D2573-88FC-4208-AD75-6E3DADEB8C19}.Release|Any CPU.ActiveCfg = Release|Any CPU
		{A52D2573-88FC-4208-AD75-6E3DADEB8C19}.Release|Any CPU.Build.0 = Release|Any CPU
		{A52D2573-88FC-4208-AD75-6E3DADEB8C19}.Release|Any CPU.Deploy.0 = Release|Any CPU
	EndGlobalSection
	GlobalSection(SolutionProperties) = preSolution
		HideSolutionNode = FALSE
	EndGlobalSection
	GlobalSection(ExtensibilityGlobals) = postSolution
		SolutionGuid = {67B5CA18-F76F-4523-BD5E-F39D302C2FA6}
	EndGlobalSection
EndGlobal
